
Microsoft Visual Studio Solution File, Format Version 12.00
# Visual Studio Version 17
VisualStudioVersion = 17.3.32819.101
MinimumVisualStudioVersion = 10.0.40219.1
Project("{9A19103F-16F7-4668-BE54-9A1E7A4F7556}") = "telerik-grid filter", "telerik-grid filter.csproj", "{FDBD5B41-3449-4391-99EE-779682665FA3}"
EndProject
Project("{9A19103F-16F7-4668-BE54-9A1E7A4F7556}") = "Infrastracture", "..\Infrastracture\Infrastracture.csproj", "{60E51FB1-513B-4714-94D8-4922CA511423}"
EndProject
Project("{9A19103F-16F7-4668-BE54-9A1E7A4F7556}") = "Core", "..\Core\Core.csproj", "{57EDAA4E-D7FD-405F-8B7C-414FF41DDD46}"
EndProject
Project("{9A19103F-16F7-4668-BE54-9A1E7A4F7556}") = "Common", "..\Common\Common.csproj", "{B1B60E47-0B29-4E03-8F62-77797E57F0FA}"
EndProject
Project("{9A19103F-16F7-4668-BE54-9A1E7A4F7556}") = "Application", "..\Application\Application.csproj", "{E30E735F-A7E7-4335-80FD-950FF60E69AE}"
EndProject
Global
	GlobalSection(SolutionConfigurationPlatforms) = preSolution
		Debug|Any CPU = Debug|Any CPU
		Release|Any CPU = Release|Any CPU
	EndGlobalSection
	GlobalSection(ProjectConfigurationPlatforms) = postSolution
		{FDBD5B41-3449-4391-99EE-779682665FA3}.Debug|Any CPU.ActiveCfg = Debug|Any CPU
		{FDBD5B41-3449-4391-99EE-779682665FA3}.Debug|Any CPU.Build.0 = Debug|Any CPU
		{FDBD5B41-3449-4391-99EE-779682665FA3}.Release|Any CPU.ActiveCfg = Release|Any CPU
		{FDBD5B41-3449-4391-99EE-779682665FA3}.Release|Any CPU.Build.0 = Release|Any CPU
		{60E51FB1-513B-4714-94D8-4922CA511423}.Debug|Any CPU.ActiveCfg = Debug|Any CPU
		{60E51FB1-513B-4714-94D8-4922CA511423}.Debug|Any CPU.Build.0 = Debug|Any CPU
		{60E51FB1-513B-4714-94D8-4922CA511423}.Release|Any CPU.ActiveCfg = Release|Any CPU
		{60E51FB1-513B-4714-94D8-4922CA511423}.Release|Any CPU.Build.0 = Release|Any CPU
		{57EDAA4E-D7FD-405F-8B7C-414FF41DDD46}.Debug|Any CPU.ActiveCfg = Debug|Any CPU
		{57EDAA4E-D7FD-405F-8B7C-414FF41DDD46}.Debug|Any CPU.Build.0 = Debug|Any CPU
		{57EDAA4E-D7FD-405F-8B7C-414FF41DDD46}.Release|Any CPU.ActiveCfg = Release|Any CPU
		{57EDAA4E-D7FD-405F-8B7C-414FF41DDD46}.Release|Any CPU.Build.0 = Release|Any CPU
		{B1B60E47-0B29-4E03-8F62-77797E57F0FA}.Debug|Any CPU.ActiveCfg = Debug|Any CPU
		{B1B60E47-0B29-4E03-8F62-77797E57F0FA}.Debug|Any CPU.Build.0 = Debug|Any CPU
		{B1B60E47-0B29-4E03-8F62-77797E57F0FA}.Release|Any CPU.ActiveCfg = Release|Any CPU
		{B1B60E47-0B29-4E03-8F62-77797E57F0FA}.Release|Any CPU.Build.0 = Release|Any CPU
		{E30E735F-A7E7-4335-80FD-950FF60E69AE}.Debug|Any CPU.ActiveCfg = Debug|Any CPU
		{E30E735F-A7E7-4335-80FD-950FF60E69AE}.Debug|Any CPU.Build.0 = Debug|Any CPU
		{E30E735F-A7E7-4335-80FD-950FF60E69AE}.Release|Any CPU.ActiveCfg = Release|Any CPU
		{E30E735F-A7E7-4335-80FD-950FF60E69AE}.Release|Any CPU.Build.0 = Release|Any CPU
	EndGlobalSection
	GlobalSection(SolutionProperties) = preSolution
		HideSolutionNode = FALSE
	EndGlobalSection
	GlobalSection(ExtensibilityGlobals) = postSolution
		SolutionGuid = {ECB3E045-23DB-459A-8FF7-C2AEFA8DBC0D}
	EndGlobalSection
EndGlobal
